
Microsoft Visual Studio Solution File, Format Version 12.00
# Visual Studio Version 16
VisualStudioVersion = 16.0.30517.126
MinimumVisualStudioVersion = 10.0.40219.1
Project("{F184B08F-C81C-45F6-A57F-5ABD9991F28F}") = "MyFirstApp", "MyFirstApp\MyFirstApp.vbproj", "{82973391-1EBA-4113-B050-CEA6AC86A086}"
EndProject
Global
	GlobalSection(SolutionConfigurationPlatforms) = preSolution
		Debug|Any CPU = Debug|Any CPU
		Release|Any CPU = Release|Any CPU
	EndGlobalSection
	GlobalSection(ProjectConfigurationPlatforms) = postSolution
		{82973391-1EBA-4113-B050-CEA6AC86A086}.Debug|Any CPU.ActiveCfg = Debug|Any CPU
		{82973391-1EBA-4113-B050-CEA6AC86A086}.Debug|Any CPU.Build.0 = Debug|Any CPU
		{82973391-1EBA-4113-B050-CEA6AC86A086}.Release|Any CPU.ActiveCfg = Release|Any CPU
		{82973391-1EBA-4113-B050-CEA6AC86A086}.Release|Any CPU.Build.0 = Release|Any CPU
	EndGlobalSection
	GlobalSection(SolutionProperties) = preSolution
		HideSolutionNode = FALSE
	EndGlobalSection
	GlobalSection(ExtensibilityGlobals) = postSolution
		SolutionGuid = {7E7FDC73-8074-444E-AE5F-296F9B5201C5}
	EndGlobalSection
EndGlobal
